# This file is automatically @generated by Cargo.
# It is not intended for manual editing.
version = 3

[[package]]
name = "cc"
version = "1.0.83"
source = "registry+https://github.com/rust-lang/crates.io-index"
checksum = "f1174fb0b6ec23863f8b971027804a42614e347eafb0a95bf0b12cdae21fc4d0"
dependencies = [
 "libc",
]

[[package]]
name = "cty"
version = "0.2.2"
source = "registry+https://github.com/rust-lang/crates.io-index"
checksum = "b365fabc795046672053e29c954733ec3b05e4be654ab130fe8f1f94d7051f35"

[[package]]
name = "libc"
version = "0.2.150"
source = "registry+https://github.com/rust-lang/crates.io-index"
checksum = "89d92a4743f9a61002fae18374ed11e7973f530cb3a3255fb354818118b2203c"

[[package]]
name = "ocaml"
version = "1.0.0-beta.5"
source = "git+https://github.com/crackcomm/ocaml-rs?branch=ocaml5-fortran#b7055ab99e22c2bfc0b9f9294459b6b3f8cdaf1a"
dependencies = [
 "ocaml-boxroot-sys",
 "ocaml-derive",
 "ocaml-interop",
 "ocaml-sys",
]

[[package]]
name = "ocaml-boxroot-sys"
version = "0.3.0"
source = "registry+https://github.com/rust-lang/crates.io-index"
checksum = "0751001b9d2a77bbdb8f0bf79e40d2ade7937ae18ddc9ad3f0a62a4740f1d1eb"
dependencies = [
 "cc",
]

[[package]]
name = "ocaml-build"
version = "1.0.0-beta.5"
source = "git+https://github.com/crackcomm/ocaml-rs?branch=ocaml5-fortran#b7055ab99e22c2bfc0b9f9294459b6b3f8cdaf1a"
dependencies = [
 "cc",
 "proc-macro2",
 "syn",
]

[[package]]
name = "ocaml-derive"
version = "1.0.0-beta.5"
source = "git+https://github.com/crackcomm/ocaml-rs?branch=ocaml5-fortran#b7055ab99e22c2bfc0b9f9294459b6b3f8cdaf1a"
dependencies = [
 "proc-macro2",
 "quote",
 "syn",
]

[[package]]
name = "ocaml-interop"
version = "0.8.8"
source = "git+https://github.com/crackcomm/ocaml-interop?branch=boxroot030#8be57fbaa22c9b1321b3c8bad7c93677631a17a7"
dependencies = [
 "ocaml-boxroot-sys",
 "ocaml-sys",
 "static_assertions",
]

[[package]]
name = "ocaml-sys"
version = "0.24.0"
source = "git+https://github.com/crackcomm/ocaml-rs?branch=ocaml5-fortran#b7055ab99e22c2bfc0b9f9294459b6b3f8cdaf1a"
dependencies = [
 "cc",
 "cty",
]

[[package]]
name = "proc-macro2"
version = "1.0.69"
source = "registry+https://github.com/rust-lang/crates.io-index"
checksum = "134c189feb4956b20f6f547d2cf727d4c0fe06722b20a0eec87ed445a97f92da"
dependencies = [
 "unicode-ident",
]

[[package]]
name = "quote"
version = "1.0.33"
source = "registry+https://github.com/rust-lang/crates.io-index"
checksum = "5267fca4496028628a95160fc423a33e8b2e6af8a5302579e322e4b520293cae"
dependencies = [
 "proc-macro2",
]

[[package]]
name = "rust-ocaml-starter"
version = "0.1.0"
dependencies = [
 "ocaml",
 "ocaml-build",
 "ocaml-derive",
]

[[package]]
name = "static_assertions"
version = "1.1.0"
source = "registry+https://github.com/rust-lang/crates.io-index"
checksum = "a2eb9349b6444b326872e140eb1cf5e7c522154d69e7a0ffb0fb81c06b37543f"

[[package]]
name = "syn"
version = "2.0.39"
source = "registry+https://github.com/rust-lang/crates.io-index"
checksum = "23e78b90f2fcf45d3e842032ce32e3f2d1545ba6636271dcbf24fa306d87be7a"
dependencies = [
 "proc-macro2",
 "quote",
 "unicode-ident",
]

[[package]]
name = "unicode-ident"
version = "1.0.12"
source = "registry+https://github.com/rust-lang/crates.io-index"
checksum = "3354b9ac3fae1ff6755cb6db53683adb661634f67557942dea4facebec0fee4b"
